{
  "originHash" : "df415fa333f170563f95f261e58ff46236dbe26bac5312102693243f28dee954",
  "pins" : [
    {
      "identity" : "chdf5",
      "kind" : "remoteSourceControl",
      "location" : "https://github.com/jalebara/CHDF5",
      "state" : {
        "branch" : "master",
        "revision" : "a947569171ed2d9efa305f1e48903822b87f7066"
      }
    }
  ],
  "version" : 3
}
