{
  "originHash" : "f3cc292ca7ad453ee6d20f669d815ed16bb4d7e9cddf338cb5f4a6c2c6e56d13",
  "pins" : [
    {
      "identity" : "chdf5",
      "kind" : "remoteSourceControl",
      "location" : "https://github.com/StefanoRizzettoAirbag/CHDF5",
      "state" : {
        "branch" : "master",
        "revision" : "a947569171ed2d9efa305f1e48903822b87f7066"
      }
    }
  ],
  "version" : 3
}
